attrs==22.1.0
certifi==2022.9.24
charset-normalizer==2.1.1
click==8.1.3
exceptiongroup==1.0.4
idna==3.4
iniconfig==1.1.1
-e git+ssh://git@github.com/mocamocaland/lgtm_app.git@90acf8b5f97083dd35140f5f2b79dade2553ba57#egg=lgtm
packaging==21.3
Pillow==9.3.0
pluggy==1.0.0
pyparsing==3.0.9
pytest==7.2.0
requests==2.28.1
tomli==2.0.1
urllib3==1.26.12
